// !$*UTF8*$!
{
	archiveVersion = 1;
	classes = {
	};
	objectVersion = 46;
	objects = {

/* Begin PBXBuildFile section */
		42249A60C53D602904C98A25 /* Pods_FlashcardsUITests.framework in Frameworks */ = {isa = PBXBuildFile; fileRef = D04E35E5776384857B9A2049 /* Pods_FlashcardsUITests.framework */; };
		70A92751D37FE3C0812BDD9C /* Pods_Flashcards.framework in Frameworks */ = {isa = PBXBuildFile; fileRef = 2251F7D0C2F4E3983662B450 /* Pods_Flashcards.framework */; };
		D72B144E1DC28D8F005429F1 /* AppDelegate.swift in Sources */ = {isa = PBXBuildFile; fileRef = D72B144D1DC28D8F005429F1 /* AppDelegate.swift */; };
		D72B14501DC28D8F005429F1 /* ViewController.swift in Sources */ = {isa = PBXBuildFile; fileRef = D72B144F1DC28D8F005429F1 /* ViewController.swift */; };
		D72B14551DC28D8F005429F1 /* Assets.xcassets in Resources */ = {isa = PBXBuildFile; fileRef = D72B14541DC28D8F005429F1 /* Assets.xcassets */; };
		D72B14581DC28D8F005429F1 /* LaunchScreen.storyboard in Resources */ = {isa = PBXBuildFile; fileRef = D72B14561DC28D8F005429F1 /* LaunchScreen.storyboard */; };
		D72B14631DC28D8F005429F1 /* FlashcardsTests.swift in Sources */ = {isa = PBXBuildFile; fileRef = D72B14621DC28D8F005429F1 /* FlashcardsTests.swift */; };
		D72B146E1DC28D8F005429F1 /* FlashcardsUITests.swift in Sources */ = {isa = PBXBuildFile; fileRef = D72B146D1DC28D8F005429F1 /* FlashcardsUITests.swift */; };
		D72EEBF6552C816E2EAEB592 /* Pods_FlashcardsTests.framework in Frameworks */ = {isa = PBXBuildFile; fileRef = F63477BDD6A74B959DF3C418 /* Pods_FlashcardsTests.framework */; };
		D7415FCA1DDD4FCA00CBB76C /* Main.storyboard in Resources */ = {isa = PBXBuildFile; fileRef = D7415FC81DDD4FCA00CBB76C /* Main.storyboard */; };
		D7415FCE1DDD516100CBB76C /* CardViewController.swift in Sources */ = {isa = PBXBuildFile; fileRef = D7415FCD1DDD516100CBB76C /* CardViewController.swift */; };
		D7415FD11DDD682300CBB76C /* Login.storyboard in Resources */ = {isa = PBXBuildFile; fileRef = D7415FCF1DDD682300CBB76C /* Login.storyboard */; };
		D7415FD21DDD682300CBB76C /* LoginViewController.swift in Sources */ = {isa = PBXBuildFile; fileRef = D7415FD01DDD682300CBB76C /* LoginViewController.swift */; };
		D7415FD61DDD6D1B00CBB76C /* DeckViewController.swift in Sources */ = {isa = PBXBuildFile; fileRef = D7415FD51DDD6D1B00CBB76C /* DeckViewController.swift */; };
		D7415FD81DDDEC3900CBB76C /* DeckListViewController.swift in Sources */ = {isa = PBXBuildFile; fileRef = D7415FD71DDDEC3900CBB76C /* DeckListViewController.swift */; };
		D7415FDB1DDDED1600CBB76C /* DeckListViewModel.swift in Sources */ = {isa = PBXBuildFile; fileRef = D7415FDA1DDDED1600CBB76C /* DeckListViewModel.swift */; };
		D7415FE21DDDF5E100CBB76C /* TableViewCell.swift in Sources */ = {isa = PBXBuildFile; fileRef = D7415FE01DDDF5E100CBB76C /* TableViewCell.swift */; };
		D7415FE31DDDF5E100CBB76C /* TableViewCell.xib in Resources */ = {isa = PBXBuildFile; fileRef = D7415FE11DDDF5E100CBB76C /* TableViewCell.xib */; };
		D75549561DEF80A200665FB0 /* Deck.swift in Sources */ = {isa = PBXBuildFile; fileRef = D75549511DEF80A200665FB0 /* Deck.swift */; };
		D75549571DEF80A200665FB0 /* DefinitionViewController.swift in Sources */ = {isa = PBXBuildFile; fileRef = D75549521DEF80A200665FB0 /* DefinitionViewController.swift */; };
		D75549581DEF80A200665FB0 /* Flashcard.swift in Sources */ = {isa = PBXBuildFile; fileRef = D75549531DEF80A200665FB0 /* Flashcard.swift */; };
		D75549591DEF80A200665FB0 /* Main2.storyboard in Resources */ = {isa = PBXBuildFile; fileRef = D75549541DEF80A200665FB0 /* Main2.storyboard */; };
		D755495A1DEF80A200665FB0 /* ViewController2.swift in Sources */ = {isa = PBXBuildFile; fileRef = D75549551DEF80A200665FB0 /* ViewController2.swift */; };
		D75549691DF099D900665FB0 /* CardCenterViewController.swift in Sources */ = {isa = PBXBuildFile; fileRef = D75549661DF099D900665FB0 /* CardCenterViewController.swift */; };
		D755496A1DF099D900665FB0 /* ContainerViewController.swift in Sources */ = {isa = PBXBuildFile; fileRef = D75549671DF099D900665FB0 /* ContainerViewController.swift */; };
		D755496B1DF099D900665FB0 /* SidePanelViewController.swift in Sources */ = {isa = PBXBuildFile; fileRef = D75549681DF099D900665FB0 /* SidePanelViewController.swift */; };
		D755496F1DF1F55200665FB0 /* TestStoryboard.storyboard in Resources */ = {isa = PBXBuildFile; fileRef = D755496E1DF1F55200665FB0 /* TestStoryboard.storyboard */; };
		D7C98CA41DF7F59F000E42C5 /* ServerAgent.swift in Sources */ = {isa = PBXBuildFile; fileRef = D7C98CA31DF7F59F000E42C5 /* ServerAgent.swift */; };
		D7C98CA61DF88AAE000E42C5 /* GameRoom.swift in Sources */ = {isa = PBXBuildFile; fileRef = D7C98CA51DF88AAE000E42C5 /* GameRoom.swift */; };
		D7C98CA81DF88B6A000E42C5 /* User.swift in Sources */ = {isa = PBXBuildFile; fileRef = D7C98CA71DF88B6A000E42C5 /* User.swift */; };
		D7E5A58B1DF91A7F005D06C1 /* DeckCardCell.swift in Sources */ = {isa = PBXBuildFile; fileRef = D7E5A58A1DF91A7F005D06C1 /* DeckCardCell.swift */; };
		D7E5A58D1DF92169005D06C1 /* CardCell.swift in Sources */ = {isa = PBXBuildFile; fileRef = D7E5A58C1DF92169005D06C1 /* CardCell.swift */; };
		D7E5A58F1DF9234E005D06C1 /* CenterViewController.swift in Sources */ = {isa = PBXBuildFile; fileRef = D7E5A58E1DF9234E005D06C1 /* CenterViewController.swift */; };
/* End PBXBuildFile section */

/* Begin PBXContainerItemProxy section */
		D72B145F1DC28D8F005429F1 /* PBXContainerItemProxy */ = {
			isa = PBXContainerItemProxy;
			containerPortal = D72B14421DC28D8F005429F1 /* Project object */;
			proxyType = 1;
			remoteGlobalIDString = D72B14491DC28D8F005429F1;
			remoteInfo = Flashcards;
		};
		D72B146A1DC28D8F005429F1 /* PBXContainerItemProxy */ = {
			isa = PBXContainerItemProxy;
			containerPortal = D72B14421DC28D8F005429F1 /* Project object */;
			proxyType = 1;
			remoteGlobalIDString = D72B14491DC28D8F005429F1;
			remoteInfo = Flashcards;
		};
/* End PBXContainerItemProxy section */

/* Begin PBXFileReference section */
		0C10F76D02099CB7AC4479FD /* Pods-FlashcardsTests.debug.xcconfig */ = {isa = PBXFileReference; includeInIndex = 1; lastKnownFileType = text.xcconfig; name = "Pods-FlashcardsTests.debug.xcconfig"; path = "Pods/Target Support Files/Pods-FlashcardsTests/Pods-FlashcardsTests.debug.xcconfig"; sourceTree = "<group>"; };
		2251F7D0C2F4E3983662B450 /* Pods_Flashcards.framework */ = {isa = PBXFileReference; explicitFileType = wrapper.framework; includeInIndex = 0; path = Pods_Flashcards.framework; sourceTree = BUILT_PRODUCTS_DIR; };
		3670AB898523A889786DA0B8 /* Pods-FlashcardsUITests.debug.xcconfig */ = {isa = PBXFileReference; includeInIndex = 1; lastKnownFileType = text.xcconfig; name = "Pods-FlashcardsUITests.debug.xcconfig"; path = "Pods/Target Support Files/Pods-FlashcardsUITests/Pods-FlashcardsUITests.debug.xcconfig"; sourceTree = "<group>"; };
		45B868340765152A07FEBFD5 /* Pods-FlashcardsTests.release.xcconfig */ = {isa = PBXFileReference; includeInIndex = 1; lastKnownFileType = text.xcconfig; name = "Pods-FlashcardsTests.release.xcconfig"; path = "Pods/Target Support Files/Pods-FlashcardsTests/Pods-FlashcardsTests.release.xcconfig"; sourceTree = "<group>"; };
		4F62F939D9DF82B822356059 /* Pods-FlashcardsUITests.release.xcconfig */ = {isa = PBXFileReference; includeInIndex = 1; lastKnownFileType = text.xcconfig; name = "Pods-FlashcardsUITests.release.xcconfig"; path = "Pods/Target Support Files/Pods-FlashcardsUITests/Pods-FlashcardsUITests.release.xcconfig"; sourceTree = "<group>"; };
		56FCF88F2AD4A8C8D0F772F3 /* Pods-Flashcards.release.xcconfig */ = {isa = PBXFileReference; includeInIndex = 1; lastKnownFileType = text.xcconfig; name = "Pods-Flashcards.release.xcconfig"; path = "Pods/Target Support Files/Pods-Flashcards/Pods-Flashcards.release.xcconfig"; sourceTree = "<group>"; };
		D04E35E5776384857B9A2049 /* Pods_FlashcardsUITests.framework */ = {isa = PBXFileReference; explicitFileType = wrapper.framework; includeInIndex = 0; path = Pods_FlashcardsUITests.framework; sourceTree = BUILT_PRODUCTS_DIR; };
		D72B144A1DC28D8F005429F1 /* Flashcards.app */ = {isa = PBXFileReference; explicitFileType = wrapper.application; includeInIndex = 0; path = Flashcards.app; sourceTree = BUILT_PRODUCTS_DIR; };
		D72B144D1DC28D8F005429F1 /* AppDelegate.swift */ = {isa = PBXFileReference; lastKnownFileType = sourcecode.swift; path = AppDelegate.swift; sourceTree = "<group>"; };
		D72B144F1DC28D8F005429F1 /* ViewController.swift */ = {isa = PBXFileReference; lastKnownFileType = sourcecode.swift; path = ViewController.swift; sourceTree = "<group>"; };
		D72B14541DC28D8F005429F1 /* Assets.xcassets */ = {isa = PBXFileReference; lastKnownFileType = folder.assetcatalog; path = Assets.xcassets; sourceTree = "<group>"; };
		D72B14571DC28D8F005429F1 /* Base */ = {isa = PBXFileReference; lastKnownFileType = file.storyboard; name = Base; path = Base.lproj/LaunchScreen.storyboard; sourceTree = "<group>"; };
		D72B14591DC28D8F005429F1 /* Info.plist */ = {isa = PBXFileReference; lastKnownFileType = text.plist.xml; path = Info.plist; sourceTree = "<group>"; };
		D72B145E1DC28D8F005429F1 /* FlashcardsTests.xctest */ = {isa = PBXFileReference; explicitFileType = wrapper.cfbundle; includeInIndex = 0; path = FlashcardsTests.xctest; sourceTree = BUILT_PRODUCTS_DIR; };
		D72B14621DC28D8F005429F1 /* FlashcardsTests.swift */ = {isa = PBXFileReference; lastKnownFileType = sourcecode.swift; path = FlashcardsTests.swift; sourceTree = "<group>"; };
		D72B14641DC28D8F005429F1 /* Info.plist */ = {isa = PBXFileReference; lastKnownFileType = text.plist.xml; path = Info.plist; sourceTree = "<group>"; };
		D72B14691DC28D8F005429F1 /* FlashcardsUITests.xctest */ = {isa = PBXFileReference; explicitFileType = wrapper.cfbundle; includeInIndex = 0; path = FlashcardsUITests.xctest; sourceTree = BUILT_PRODUCTS_DIR; };
		D72B146D1DC28D8F005429F1 /* FlashcardsUITests.swift */ = {isa = PBXFileReference; lastKnownFileType = sourcecode.swift; path = FlashcardsUITests.swift; sourceTree = "<group>"; };
		D72B146F1DC28D8F005429F1 /* Info.plist */ = {isa = PBXFileReference; lastKnownFileType = text.plist.xml; path = Info.plist; sourceTree = "<group>"; };
		D7415FC91DDD4FCA00CBB76C /* Base */ = {isa = PBXFileReference; lastKnownFileType = file.storyboard; name = Base; path = Flashcards/Base.lproj/Main.storyboard; sourceTree = "<group>"; };
		D7415FCD1DDD516100CBB76C /* CardViewController.swift */ = {isa = PBXFileReference; fileEncoding = 4; lastKnownFileType = sourcecode.swift; path = CardViewController.swift; sourceTree = "<group>"; };
		D7415FCF1DDD682300CBB76C /* Login.storyboard */ = {isa = PBXFileReference; fileEncoding = 4; lastKnownFileType = file.storyboard; path = Login.storyboard; sourceTree = "<group>"; };
		D7415FD01DDD682300CBB76C /* LoginViewController.swift */ = {isa = PBXFileReference; fileEncoding = 4; lastKnownFileType = sourcecode.swift; path = LoginViewController.swift; sourceTree = "<group>"; };
		D7415FD51DDD6D1B00CBB76C /* DeckViewController.swift */ = {isa = PBXFileReference; fileEncoding = 4; lastKnownFileType = sourcecode.swift; path = DeckViewController.swift; sourceTree = "<group>"; };
		D7415FD71DDDEC3900CBB76C /* DeckListViewController.swift */ = {isa = PBXFileReference; fileEncoding = 4; lastKnownFileType = sourcecode.swift; path = DeckListViewController.swift; sourceTree = "<group>"; };
		D7415FDA1DDDED1600CBB76C /* DeckListViewModel.swift */ = {isa = PBXFileReference; fileEncoding = 4; lastKnownFileType = sourcecode.swift; path = DeckListViewModel.swift; sourceTree = "<group>"; };
		D7415FE01DDDF5E100CBB76C /* TableViewCell.swift */ = {isa = PBXFileReference; fileEncoding = 4; lastKnownFileType = sourcecode.swift; path = TableViewCell.swift; sourceTree = "<group>"; };
		D7415FE11DDDF5E100CBB76C /* TableViewCell.xib */ = {isa = PBXFileReference; fileEncoding = 4; lastKnownFileType = file.xib; path = TableViewCell.xib; sourceTree = "<group>"; };
		D75549511DEF80A200665FB0 /* Deck.swift */ = {isa = PBXFileReference; fileEncoding = 4; lastKnownFileType = sourcecode.swift; name = Deck.swift; path = flashcards/Deck.swift; sourceTree = "<group>"; };
		D75549521DEF80A200665FB0 /* DefinitionViewController.swift */ = {isa = PBXFileReference; fileEncoding = 4; lastKnownFileType = sourcecode.swift; name = DefinitionViewController.swift; path = flashcards/DefinitionViewController.swift; sourceTree = "<group>"; };
		D75549531DEF80A200665FB0 /* Flashcard.swift */ = {isa = PBXFileReference; fileEncoding = 4; lastKnownFileType = sourcecode.swift; name = Flashcard.swift; path = flashcards/Flashcard.swift; sourceTree = "<group>"; };
		D75549541DEF80A200665FB0 /* Main2.storyboard */ = {isa = PBXFileReference; fileEncoding = 4; lastKnownFileType = file.storyboard; name = Main2.storyboard; path = flashcards/Main2.storyboard; sourceTree = "<group>"; };
		D75549551DEF80A200665FB0 /* ViewController2.swift */ = {isa = PBXFileReference; fileEncoding = 4; lastKnownFileType = sourcecode.swift; name = ViewController2.swift; path = flashcards/ViewController2.swift; sourceTree = "<group>"; };
		D75549661DF099D900665FB0 /* CardCenterViewController.swift */ = {isa = PBXFileReference; fileEncoding = 4; lastKnownFileType = sourcecode.swift; path = CardCenterViewController.swift; sourceTree = "<group>"; };
		D75549671DF099D900665FB0 /* ContainerViewController.swift */ = {isa = PBXFileReference; fileEncoding = 4; lastKnownFileType = sourcecode.swift; path = ContainerViewController.swift; sourceTree = "<group>"; };
		D75549681DF099D900665FB0 /* SidePanelViewController.swift */ = {isa = PBXFileReference; fileEncoding = 4; lastKnownFileType = sourcecode.swift; path = SidePanelViewController.swift; sourceTree = "<group>"; };
		D755496E1DF1F55200665FB0 /* TestStoryboard.storyboard */ = {isa = PBXFileReference; fileEncoding = 4; lastKnownFileType = file.storyboard; path = TestStoryboard.storyboard; sourceTree = "<group>"; };
		D7C98CA31DF7F59F000E42C5 /* ServerAgent.swift */ = {isa = PBXFileReference; fileEncoding = 4; lastKnownFileType = sourcecode.swift; path = ServerAgent.swift; sourceTree = "<group>"; };
		D7C98CA51DF88AAE000E42C5 /* GameRoom.swift */ = {isa = PBXFileReference; fileEncoding = 4; lastKnownFileType = sourcecode.swift; path = GameRoom.swift; sourceTree = "<group>"; };
		D7C98CA71DF88B6A000E42C5 /* User.swift */ = {isa = PBXFileReference; fileEncoding = 4; lastKnownFileType = sourcecode.swift; path = User.swift; sourceTree = "<group>"; };
		D7E5A58A1DF91A7F005D06C1 /* DeckCardCell.swift */ = {isa = PBXFileReference; fileEncoding = 4; lastKnownFileType = sourcecode.swift; path = DeckCardCell.swift; sourceTree = "<group>"; };
		D7E5A58C1DF92169005D06C1 /* CardCell.swift */ = {isa = PBXFileReference; fileEncoding = 4; lastKnownFileType = sourcecode.swift; path = CardCell.swift; sourceTree = "<group>"; };
		D7E5A58E1DF9234E005D06C1 /* CenterViewController.swift */ = {isa = PBXFileReference; fileEncoding = 4; lastKnownFileType = sourcecode.swift; path = CenterViewController.swift; sourceTree = "<group>"; };
		E751B7996D3461F3222C2C2E /* Pods-Flashcards.debug.xcconfig */ = {isa = PBXFileReference; includeInIndex = 1; lastKnownFileType = text.xcconfig; name = "Pods-Flashcards.debug.xcconfig"; path = "Pods/Target Support Files/Pods-Flashcards/Pods-Flashcards.debug.xcconfig"; sourceTree = "<group>"; };
		F63477BDD6A74B959DF3C418 /* Pods_FlashcardsTests.framework */ = {isa = PBXFileReference; explicitFileType = wrapper.framework; includeInIndex = 0; path = Pods_FlashcardsTests.framework; sourceTree = BUILT_PRODUCTS_DIR; };
/* End PBXFileReference section */

/* Begin PBXFrameworksBuildPhase section */
		D72B14471DC28D8F005429F1 /* Frameworks */ = {
			isa = PBXFrameworksBuildPhase;
			buildActionMask = 2147483647;
			files = (
				70A92751D37FE3C0812BDD9C /* Pods_Flashcards.framework in Frameworks */,
			);
			runOnlyForDeploymentPostprocessing = 0;
		};
		D72B145B1DC28D8F005429F1 /* Frameworks */ = {
			isa = PBXFrameworksBuildPhase;
			buildActionMask = 2147483647;
			files = (
				D72EEBF6552C816E2EAEB592 /* Pods_FlashcardsTests.framework in Frameworks */,
			);
			runOnlyForDeploymentPostprocessing = 0;
		};
		D72B14661DC28D8F005429F1 /* Frameworks */ = {
			isa = PBXFrameworksBuildPhase;
			buildActionMask = 2147483647;
			files = (
				42249A60C53D602904C98A25 /* Pods_FlashcardsUITests.framework in Frameworks */,
			);
			runOnlyForDeploymentPostprocessing = 0;
		};
/* End PBXFrameworksBuildPhase section */

/* Begin PBXGroup section */
		1FEF68D7D01DF3602CBB2685 /* Frameworks */ = {
			isa = PBXGroup;
			children = (
				2251F7D0C2F4E3983662B450 /* Pods_Flashcards.framework */,
				F63477BDD6A74B959DF3C418 /* Pods_FlashcardsTests.framework */,
				D04E35E5776384857B9A2049 /* Pods_FlashcardsUITests.framework */,
			);
			name = Frameworks;
			sourceTree = "<group>";
		};
		D72B14411DC28D8F005429F1 = {
			isa = PBXGroup;
			children = (
				D72B144C1DC28D8F005429F1 /* Flashcards */,
				D72B14611DC28D8F005429F1 /* FlashcardsTests */,
				D72B146C1DC28D8F005429F1 /* FlashcardsUITests */,
				D72B144B1DC28D8F005429F1 /* Products */,
				ECAE3B6662CB2B2DDE9DAEC2 /* Pods */,
				1FEF68D7D01DF3602CBB2685 /* Frameworks */,
			);
			sourceTree = "<group>";
		};
		D72B144B1DC28D8F005429F1 /* Products */ = {
			isa = PBXGroup;
			children = (
				D72B144A1DC28D8F005429F1 /* Flashcards.app */,
				D72B145E1DC28D8F005429F1 /* FlashcardsTests.xctest */,
				D72B14691DC28D8F005429F1 /* FlashcardsUITests.xctest */,
			);
			name = Products;
			sourceTree = "<group>";
		};
		D72B144C1DC28D8F005429F1 /* Flashcards */ = {
			isa = PBXGroup;
			children = (
				D755495B1DEF80B300665FB0 /* MOVED */,
				D7415FD91DDDEC5100CBB76C /* Models */,
				D7415FDF1DDDF58C00CBB76C /* Nibs */,
				D7415FCB1DDD4FD900CBB76C /* Storyboards */,
				D7415FCC1DDD4FEB00CBB76C /* View Controllers */,
				D7415FDC1DDDED5400CBB76C /* View Models */,
				D72B144D1DC28D8F005429F1 /* AppDelegate.swift */,
				D72B14541DC28D8F005429F1 /* Assets.xcassets */,
				D72B14591DC28D8F005429F1 /* Info.plist */,
			);
			path = Flashcards;
			sourceTree = "<group>";
		};
		D72B14611DC28D8F005429F1 /* FlashcardsTests */ = {
			isa = PBXGroup;
			children = (
				D72B14621DC28D8F005429F1 /* FlashcardsTests.swift */,
				D72B14641DC28D8F005429F1 /* Info.plist */,
			);
			path = FlashcardsTests;
			sourceTree = "<group>";
		};
		D72B146C1DC28D8F005429F1 /* FlashcardsUITests */ = {
			isa = PBXGroup;
			children = (
				D72B146D1DC28D8F005429F1 /* FlashcardsUITests.swift */,
				D72B146F1DC28D8F005429F1 /* Info.plist */,
			);
			path = FlashcardsUITests;
			sourceTree = "<group>";
		};
		D7415FCB1DDD4FD900CBB76C /* Storyboards */ = {
			isa = PBXGroup;
			children = (
				D72B14561DC28D8F005429F1 /* LaunchScreen.storyboard */,
				D7415FCF1DDD682300CBB76C /* Login.storyboard */,
				D7415FC81DDD4FCA00CBB76C /* Main.storyboard */,
				D755496E1DF1F55200665FB0 /* TestStoryboard.storyboard */,
			);
			name = Storyboards;
			sourceTree = "<group>";
		};
		D7415FCC1DDD4FEB00CBB76C /* View Controllers */ = {
			isa = PBXGroup;
			children = (
				D7415FCD1DDD516100CBB76C /* CardViewController.swift */,
				D75549661DF099D900665FB0 /* CardCenterViewController.swift */,
				D7E5A58E1DF9234E005D06C1 /* CenterViewController.swift */,
				D75549671DF099D900665FB0 /* ContainerViewController.swift */,
				D7415FD71DDDEC3900CBB76C /* DeckListViewController.swift */,
				D7415FD51DDD6D1B00CBB76C /* DeckViewController.swift */,
				D7415FD01DDD682300CBB76C /* LoginViewController.swift */,
				D75549681DF099D900665FB0 /* SidePanelViewController.swift */,
				D72B144F1DC28D8F005429F1 /* ViewController.swift */,
			);
			name = "View Controllers";
			sourceTree = "<group>";
		};
		D7415FD91DDDEC5100CBB76C /* Models */ = {
			isa = PBXGroup;
			children = (
				D7E5A58C1DF92169005D06C1 /* CardCell.swift */,
				D7E5A58A1DF91A7F005D06C1 /* DeckCardCell.swift */,
				D75549511DEF80A200665FB0 /* Deck.swift */,
				D75549531DEF80A200665FB0 /* Flashcard.swift */,
				D7C98CA31DF7F59F000E42C5 /* ServerAgent.swift */,
				D7C98CA51DF88AAE000E42C5 /* GameRoom.swift */,
				D7C98CA71DF88B6A000E42C5 /* User.swift */,
			);
			name = Models;
			sourceTree = "<group>";
		};
		D7415FDC1DDDED5400CBB76C /* View Models */ = {
			isa = PBXGroup;
			children = (
				D7415FDA1DDDED1600CBB76C /* DeckListViewModel.swift */,
			);
			name = "View Models";
			sourceTree = "<group>";
		};
		D7415FDF1DDDF58C00CBB76C /* Nibs */ = {
			isa = PBXGroup;
			children = (
				D7415FE01DDDF5E100CBB76C /* TableViewCell.swift */,
				D7415FE11DDDF5E100CBB76C /* TableViewCell.xib */,
			);
			name = Nibs;
			sourceTree = "<group>";
		};
		D755495B1DEF80B300665FB0 /* MOVED */ = {
			isa = PBXGroup;
			children = (
				D75549521DEF80A200665FB0 /* DefinitionViewController.swift */,
				D75549541DEF80A200665FB0 /* Main2.storyboard */,
				D75549551DEF80A200665FB0 /* ViewController2.swift */,
			);
			name = MOVED;
			sourceTree = "<group>";
		};
		ECAE3B6662CB2B2DDE9DAEC2 /* Pods */ = {
			isa = PBXGroup;
			children = (
				E751B7996D3461F3222C2C2E /* Pods-Flashcards.debug.xcconfig */,
				56FCF88F2AD4A8C8D0F772F3 /* Pods-Flashcards.release.xcconfig */,
				0C10F76D02099CB7AC4479FD /* Pods-FlashcardsTests.debug.xcconfig */,
				45B868340765152A07FEBFD5 /* Pods-FlashcardsTests.release.xcconfig */,
				3670AB898523A889786DA0B8 /* Pods-FlashcardsUITests.debug.xcconfig */,
				4F62F939D9DF82B822356059 /* Pods-FlashcardsUITests.release.xcconfig */,
			);
			name = Pods;
			sourceTree = "<group>";
		};
/* End PBXGroup section */

/* Begin PBXNativeTarget section */
		D72B14491DC28D8F005429F1 /* Flashcards */ = {
			isa = PBXNativeTarget;
			buildConfigurationList = D72B14721DC28D8F005429F1 /* Build configuration list for PBXNativeTarget "Flashcards" */;
			buildPhases = (
				3684A81392995191BC4E8F6C /* [CP] Check Pods Manifest.lock */,
				D72B14461DC28D8F005429F1 /* Sources */,
				D72B14471DC28D8F005429F1 /* Frameworks */,
				D72B14481DC28D8F005429F1 /* Resources */,
				F32FF12F261CA3CC95F24146 /* [CP] Embed Pods Frameworks */,
				9B5CC5CE3A3E24D04EE0425D /* [CP] Copy Pods Resources */,
			);
			buildRules = (
			);
			dependencies = (
			);
			name = Flashcards;
			productName = Flashcards;
			productReference = D72B144A1DC28D8F005429F1 /* Flashcards.app */;
			productType = "com.apple.product-type.application";
		};
		D72B145D1DC28D8F005429F1 /* FlashcardsTests */ = {
			isa = PBXNativeTarget;
			buildConfigurationList = D72B14751DC28D8F005429F1 /* Build configuration list for PBXNativeTarget "FlashcardsTests" */;
			buildPhases = (
				8882C9C2AB5248570FBF0FB0 /* [CP] Check Pods Manifest.lock */,
				D72B145A1DC28D8F005429F1 /* Sources */,
				D72B145B1DC28D8F005429F1 /* Frameworks */,
				D72B145C1DC28D8F005429F1 /* Resources */,
				472E9C10EEF4F46BA0F0138D /* [CP] Embed Pods Frameworks */,
				1F7D0070AA87185729272D16 /* [CP] Copy Pods Resources */,
			);
			buildRules = (
			);
			dependencies = (
				D72B14601DC28D8F005429F1 /* PBXTargetDependency */,
			);
			name = FlashcardsTests;
			productName = FlashcardsTests;
			productReference = D72B145E1DC28D8F005429F1 /* FlashcardsTests.xctest */;
			productType = "com.apple.product-type.bundle.unit-test";
		};
		D72B14681DC28D8F005429F1 /* FlashcardsUITests */ = {
			isa = PBXNativeTarget;
			buildConfigurationList = D72B14781DC28D8F005429F1 /* Build configuration list for PBXNativeTarget "FlashcardsUITests" */;
			buildPhases = (
				8480B53BB06A6179AB87DC59 /* [CP] Check Pods Manifest.lock */,
				D72B14651DC28D8F005429F1 /* Sources */,
				D72B14661DC28D8F005429F1 /* Frameworks */,
				D72B14671DC28D8F005429F1 /* Resources */,
				408AC4000449FF66900BF2FA /* [CP] Embed Pods Frameworks */,
				F3F3F846F6976AB16A5C6ED5 /* [CP] Copy Pods Resources */,
			);
			buildRules = (
			);
			dependencies = (
				D72B146B1DC28D8F005429F1 /* PBXTargetDependency */,
			);
			name = FlashcardsUITests;
			productName = FlashcardsUITests;
			productReference = D72B14691DC28D8F005429F1 /* FlashcardsUITests.xctest */;
			productType = "com.apple.product-type.bundle.ui-testing";
		};
/* End PBXNativeTarget section */

/* Begin PBXProject section */
		D72B14421DC28D8F005429F1 /* Project object */ = {
			isa = PBXProject;
			attributes = {
				LastSwiftUpdateCheck = 0800;
				LastUpgradeCheck = 0800;
				ORGANIZATIONNAME = "Daniel Graf";
				TargetAttributes = {
					D72B14491DC28D8F005429F1 = {
						CreatedOnToolsVersion = 8.0;
						ProvisioningStyle = Automatic;
					};
					D72B145D1DC28D8F005429F1 = {
						CreatedOnToolsVersion = 8.0;
						ProvisioningStyle = Automatic;
						TestTargetID = D72B14491DC28D8F005429F1;
					};
					D72B14681DC28D8F005429F1 = {
						CreatedOnToolsVersion = 8.0;
						ProvisioningStyle = Automatic;
						TestTargetID = D72B14491DC28D8F005429F1;
					};
				};
			};
			buildConfigurationList = D72B14451DC28D8F005429F1 /* Build configuration list for PBXProject "Flashcards" */;
			compatibilityVersion = "Xcode 3.2";
			developmentRegion = English;
			hasScannedForEncodings = 0;
			knownRegions = (
				en,
				Base,
			);
			mainGroup = D72B14411DC28D8F005429F1;
			productRefGroup = D72B144B1DC28D8F005429F1 /* Products */;
			projectDirPath = "";
			projectRoot = "";
			targets = (
				D72B14491DC28D8F005429F1 /* Flashcards */,
				D72B145D1DC28D8F005429F1 /* FlashcardsTests */,
				D72B14681DC28D8F005429F1 /* FlashcardsUITests */,
			);
		};
/* End PBXProject section */

/* Begin PBXResourcesBuildPhase section */
		D72B14481DC28D8F005429F1 /* Resources */ = {
			isa = PBXResourcesBuildPhase;
			buildActionMask = 2147483647;
			files = (
				D7415FD11DDD682300CBB76C /* Login.storyboard in Resources */,
				D7415FE31DDDF5E100CBB76C /* TableViewCell.xib in Resources */,
				D7415FCA1DDD4FCA00CBB76C /* Main.storyboard in Resources */,
				D75549591DEF80A200665FB0 /* Main2.storyboard in Resources */,
				D755496F1DF1F55200665FB0 /* TestStoryboard.storyboard in Resources */,
				D72B14581DC28D8F005429F1 /* LaunchScreen.storyboard in Resources */,
				D72B14551DC28D8F005429F1 /* Assets.xcassets in Resources */,
			);
			runOnlyForDeploymentPostprocessing = 0;
		};
		D72B145C1DC28D8F005429F1 /* Resources */ = {
			isa = PBXResourcesBuildPhase;
			buildActionMask = 2147483647;
			files = (
			);
			runOnlyForDeploymentPostprocessing = 0;
		};
		D72B14671DC28D8F005429F1 /* Resources */ = {
			isa = PBXResourcesBuildPhase;
			buildActionMask = 2147483647;
			files = (
			);
			runOnlyForDeploymentPostprocessing = 0;
		};
/* End PBXResourcesBuildPhase section */

/* Begin PBXShellScriptBuildPhase section */
		1F7D0070AA87185729272D16 /* [CP] Copy Pods Resources */ = {
			isa = PBXShellScriptBuildPhase;
			buildActionMask = 2147483647;
			files = (
			);
			inputPaths = (
			);
			name = "[CP] Copy Pods Resources";
			outputPaths = (
			);
			runOnlyForDeploymentPostprocessing = 0;
			shellPath = /bin/sh;
			shellScript = "\"${SRCROOT}/Pods/Target Support Files/Pods-FlashcardsTests/Pods-FlashcardsTests-resources.sh\"\n";
			showEnvVarsInLog = 0;
		};
		3684A81392995191BC4E8F6C /* [CP] Check Pods Manifest.lock */ = {
			isa = PBXShellScriptBuildPhase;
			buildActionMask = 2147483647;
			files = (
			);
			inputPaths = (
			);
			name = "[CP] Check Pods Manifest.lock";
			outputPaths = (
			);
			runOnlyForDeploymentPostprocessing = 0;
			shellPath = /bin/sh;
			shellScript = "diff \"${PODS_ROOT}/../Podfile.lock\" \"${PODS_ROOT}/Manifest.lock\" > /dev/null\nif [ $? != 0 ] ; then\n    # print error to STDERR\n    echo \"error: The sandbox is not in sync with the Podfile.lock. Run 'pod install' or update your CocoaPods installation.\" >&2\n    exit 1\nfi\n";
			showEnvVarsInLog = 0;
		};
		408AC4000449FF66900BF2FA /* [CP] Embed Pods Frameworks */ = {
			isa = PBXShellScriptBuildPhase;
			buildActionMask = 2147483647;
			files = (
			);
			inputPaths = (
			);
			name = "[CP] Embed Pods Frameworks";
			outputPaths = (
			);
			runOnlyForDeploymentPostprocessing = 0;
			shellPath = /bin/sh;
			shellScript = "\"${SRCROOT}/Pods/Target Support Files/Pods-FlashcardsUITests/Pods-FlashcardsUITests-frameworks.sh\"\n";
			showEnvVarsInLog = 0;
		};
		472E9C10EEF4F46BA0F0138D /* [CP] Embed Pods Frameworks */ = {
			isa = PBXShellScriptBuildPhase;
			buildActionMask = 2147483647;
			files = (
			);
			inputPaths = (
			);
			name = "[CP] Embed Pods Frameworks";
			outputPaths = (
			);
			runOnlyForDeploymentPostprocessing = 0;
			shellPath = /bin/sh;
			shellScript = "\"${SRCROOT}/Pods/Target Support Files/Pods-FlashcardsTests/Pods-FlashcardsTests-frameworks.sh\"\n";
			showEnvVarsInLog = 0;
		};
		8480B53BB06A6179AB87DC59 /* [CP] Check Pods Manifest.lock */ = {
			isa = PBXShellScriptBuildPhase;
			buildActionMask = 2147483647;
			files = (
			);
			inputPaths = (
			);
			name = "[CP] Check Pods Manifest.lock";
			outputPaths = (
			);
			runOnlyForDeploymentPostprocessing = 0;
			shellPath = /bin/sh;
			shellScript = "diff \"${PODS_ROOT}/../Podfile.lock\" \"${PODS_ROOT}/Manifest.lock\" > /dev/null\nif [ $? != 0 ] ; then\n    # print error to STDERR\n    echo \"error: The sandbox is not in sync with the Podfile.lock. Run 'pod install' or update your CocoaPods installation.\" >&2\n    exit 1\nfi\n";
			showEnvVarsInLog = 0;
		};
		8882C9C2AB5248570FBF0FB0 /* [CP] Check Pods Manifest.lock */ = {
			isa = PBXShellScriptBuildPhase;
			buildActionMask = 2147483647;
			files = (
			);
			inputPaths = (
			);
			name = "[CP] Check Pods Manifest.lock";
			outputPaths = (
			);
			runOnlyForDeploymentPostprocessing = 0;
			shellPath = /bin/sh;
			shellScript = "diff \"${PODS_ROOT}/../Podfile.lock\" \"${PODS_ROOT}/Manifest.lock\" > /dev/null\nif [ $? != 0 ] ; then\n    # print error to STDERR\n    echo \"error: The sandbox is not in sync with the Podfile.lock. Run 'pod install' or update your CocoaPods installation.\" >&2\n    exit 1\nfi\n";
			showEnvVarsInLog = 0;
		};
		9B5CC5CE3A3E24D04EE0425D /* [CP] Copy Pods Resources */ = {
			isa = PBXShellScriptBuildPhase;
			buildActionMask = 2147483647;
			files = (
			);
			inputPaths = (
			);
			name = "[CP] Copy Pods Resources";
			outputPaths = (
			);
			runOnlyForDeploymentPostprocessing = 0;
			shellPath = /bin/sh;
			shellScript = "\"${SRCROOT}/Pods/Target Support Files/Pods-Flashcards/Pods-Flashcards-resources.sh\"\n";
			showEnvVarsInLog = 0;
		};
		F32FF12F261CA3CC95F24146 /* [CP] Embed Pods Frameworks */ = {
			isa = PBXShellScriptBuildPhase;
			buildActionMask = 2147483647;
			files = (
			);
			inputPaths = (
			);
			name = "[CP] Embed Pods Frameworks";
			outputPaths = (
			);
			runOnlyForDeploymentPostprocessing = 0;
			shellPath = /bin/sh;
			shellScript = "\"${SRCROOT}/Pods/Target Support Files/Pods-Flashcards/Pods-Flashcards-frameworks.sh\"\n";
			showEnvVarsInLog = 0;
		};
		F3F3F846F6976AB16A5C6ED5 /* [CP] Copy Pods Resources */ = {
			isa = PBXShellScriptBuildPhase;
			buildActionMask = 2147483647;
			files = (
			);
			inputPaths = (
			);
			name = "[CP] Copy Pods Resources";
			outputPaths = (
			);
			runOnlyForDeploymentPostprocessing = 0;
			shellPath = /bin/sh;
			shellScript = "\"${SRCROOT}/Pods/Target Support Files/Pods-FlashcardsUITests/Pods-FlashcardsUITests-resources.sh\"\n";
			showEnvVarsInLog = 0;
		};
/* End PBXShellScriptBuildPhase section */

/* Begin PBXSourcesBuildPhase section */
		D72B14461DC28D8F005429F1 /* Sources */ = {
			isa = PBXSourcesBuildPhase;
			buildActionMask = 2147483647;
			files = (
				D75549691DF099D900665FB0 /* CardCenterViewController.swift in Sources */,
				D7415FD21DDD682300CBB76C /* LoginViewController.swift in Sources */,
				D7C98CA41DF7F59F000E42C5 /* ServerAgent.swift in Sources */,
				D755496A1DF099D900665FB0 /* ContainerViewController.swift in Sources */,
				D7415FDB1DDDED1600CBB76C /* DeckListViewModel.swift in Sources */,
				D75549561DEF80A200665FB0 /* Deck.swift in Sources */,
				D7C98CA61DF88AAE000E42C5 /* GameRoom.swift in Sources */,
				D7E5A58B1DF91A7F005D06C1 /* DeckCardCell.swift in Sources */,
				D7415FD81DDDEC3900CBB76C /* DeckListViewController.swift in Sources */,
				D7415FE21DDDF5E100CBB76C /* TableViewCell.swift in Sources */,
				D72B14501DC28D8F005429F1 /* ViewController.swift in Sources */,
				D7E5A58F1DF9234E005D06C1 /* CenterViewController.swift in Sources */,
				D75549581DEF80A200665FB0 /* Flashcard.swift in Sources */,
				D75549571DEF80A200665FB0 /* DefinitionViewController.swift in Sources */,
				D755495A1DEF80A200665FB0 /* ViewController2.swift in Sources */,
				D7415FD61DDD6D1B00CBB76C /* DeckViewController.swift in Sources */,
				D7E5A58D1DF92169005D06C1 /* CardCell.swift in Sources */,
				D7C98CA81DF88B6A000E42C5 /* User.swift in Sources */,
				D755496B1DF099D900665FB0 /* SidePanelViewController.swift in Sources */,
				D72B144E1DC28D8F005429F1 /* AppDelegate.swift in Sources */,
				D7415FCE1DDD516100CBB76C /* CardViewController.swift in Sources */,
			);
			runOnlyForDeploymentPostprocessing = 0;
		};
		D72B145A1DC28D8F005429F1 /* Sources */ = {
			isa = PBXSourcesBuildPhase;
			buildActionMask = 2147483647;
			files = (
				D72B14631DC28D8F005429F1 /* FlashcardsTests.swift in Sources */,
			);
			runOnlyForDeploymentPostprocessing = 0;
		};
		D72B14651DC28D8F005429F1 /* Sources */ = {
			isa = PBXSourcesBuildPhase;
			buildActionMask = 2147483647;
			files = (
				D72B146E1DC28D8F005429F1 /* FlashcardsUITests.swift in Sources */,
			);
			runOnlyForDeploymentPostprocessing = 0;
		};
/* End PBXSourcesBuildPhase section */

/* Begin PBXTargetDependency section */
		D72B14601DC28D8F005429F1 /* PBXTargetDependency */ = {
			isa = PBXTargetDependency;
			target = D72B14491DC28D8F005429F1 /* Flashcards */;
			targetProxy = D72B145F1DC28D8F005429F1 /* PBXContainerItemProxy */;
		};
		D72B146B1DC28D8F005429F1 /* PBXTargetDependency */ = {
			isa = PBXTargetDependency;
			target = D72B14491DC28D8F005429F1 /* Flashcards */;
			targetProxy = D72B146A1DC28D8F005429F1 /* PBXContainerItemProxy */;
		};
/* End PBXTargetDependency section */

/* Begin PBXVariantGroup section */
		D72B14561DC28D8F005429F1 /* LaunchScreen.storyboard */ = {
			isa = PBXVariantGroup;
			children = (
				D72B14571DC28D8F005429F1 /* Base */,
			);
			name = LaunchScreen.storyboard;
			sourceTree = "<group>";
		};
		D7415FC81DDD4FCA00CBB76C /* Main.storyboard */ = {
			isa = PBXVariantGroup;
			children = (
				D7415FC91DDD4FCA00CBB76C /* Base */,
			);
			name = Main.storyboard;
			path = ..;
			sourceTree = "<group>";
		};
/* End PBXVariantGroup section */

/* Begin XCBuildConfiguration section */
		D72B14701DC28D8F005429F1 /* Debug */ = {
			isa = XCBuildConfiguration;
			buildSettings = {
				ALWAYS_SEARCH_USER_PATHS = NO;
				CLANG_ANALYZER_NONNULL = YES;
				CLANG_CXX_LANGUAGE_STANDARD = "gnu++0x";
				CLANG_CXX_LIBRARY = "libc++";
				CLANG_ENABLE_MODULES = YES;
				CLANG_ENABLE_OBJC_ARC = YES;
				CLANG_WARN_BOOL_CONVERSION = YES;
				CLANG_WARN_CONSTANT_CONVERSION = YES;
				CLANG_WARN_DIRECT_OBJC_ISA_USAGE = YES_ERROR;
				CLANG_WARN_DOCUMENTATION_COMMENTS = YES;
				CLANG_WARN_EMPTY_BODY = YES;
				CLANG_WARN_ENUM_CONVERSION = YES;
				CLANG_WARN_INFINITE_RECURSION = YES;
				CLANG_WARN_INT_CONVERSION = YES;
				CLANG_WARN_OBJC_ROOT_CLASS = YES_ERROR;
				CLANG_WARN_SUSPICIOUS_MOVE = YES;
				CLANG_WARN_SUSPICIOUS_MOVES = YES;
				CLANG_WARN_UNREACHABLE_CODE = YES;
				CLANG_WARN__DUPLICATE_METHOD_MATCH = YES;
				"CODE_SIGN_IDENTITY[sdk=iphoneos*]" = "iPhone Developer";
				COPY_PHASE_STRIP = NO;
				DEBUG_INFORMATION_FORMAT = dwarf;
				ENABLE_STRICT_OBJC_MSGSEND = YES;
				ENABLE_TESTABILITY = YES;
				GCC_C_LANGUAGE_STANDARD = gnu99;
				GCC_DYNAMIC_NO_PIC = NO;
				GCC_NO_COMMON_BLOCKS = YES;
				GCC_OPTIMIZATION_LEVEL = 0;
				GCC_PREPROCESSOR_DEFINITIONS = (
					"DEBUG=1",
					"$(inherited)",
				);
				GCC_WARN_64_TO_32_BIT_CONVERSION = YES;
				GCC_WARN_ABOUT_RETURN_TYPE = YES_ERROR;
				GCC_WARN_UNDECLARED_SELECTOR = YES;
				GCC_WARN_UNINITIALIZED_AUTOS = YES_AGGRESSIVE;
				GCC_WARN_UNUSED_FUNCTION = YES;
				GCC_WARN_UNUSED_VARIABLE = YES;
				IPHONEOS_DEPLOYMENT_TARGET = 10.0;
				MTL_ENABLE_DEBUG_INFO = YES;
				ONLY_ACTIVE_ARCH = YES;
				SDKROOT = iphoneos;
				SWIFT_ACTIVE_COMPILATION_CONDITIONS = DEBUG;
				SWIFT_OPTIMIZATION_LEVEL = "-Onone";
				TARGETED_DEVICE_FAMILY = "1,2";
			};
			name = Debug;
		};
		D72B14711DC28D8F005429F1 /* Release */ = {
			isa = XCBuildConfiguration;
			buildSettings = {
				ALWAYS_SEARCH_USER_PATHS = NO;
				CLANG_ANALYZER_NONNULL = YES;
				CLANG_CXX_LANGUAGE_STANDARD = "gnu++0x";
				CLANG_CXX_LIBRARY = "libc++";
				CLANG_ENABLE_MODULES = YES;
				CLANG_ENABLE_OBJC_ARC = YES;
				CLANG_WARN_BOOL_CONVERSION = YES;
				CLANG_WARN_CONSTANT_CONVERSION = YES;
				CLANG_WARN_DIRECT_OBJC_ISA_USAGE = YES_ERROR;
				CLANG_WARN_DOCUMENTATION_COMMENTS = YES;
				CLANG_WARN_EMPTY_BODY = YES;
				CLANG_WARN_ENUM_CONVERSION = YES;
				CLANG_WARN_INFINITE_RECURSION = YES;
				CLANG_WARN_INT_CONVERSION = YES;
				CLANG_WARN_OBJC_ROOT_CLASS = YES_ERROR;
				CLANG_WARN_SUSPICIOUS_MOVE = YES;
				CLANG_WARN_SUSPICIOUS_MOVES = YES;
				CLANG_WARN_UNREACHABLE_CODE = YES;
				CLANG_WARN__DUPLICATE_METHOD_MATCH = YES;
				"CODE_SIGN_IDENTITY[sdk=iphoneos*]" = "iPhone Developer";
				COPY_PHASE_STRIP = NO;
				DEBUG_INFORMATION_FORMAT = "dwarf-with-dsym";
				ENABLE_NS_ASSERTIONS = NO;
				ENABLE_STRICT_OBJC_MSGSEND = YES;
				GCC_C_LANGUAGE_STANDARD = gnu99;
				GCC_NO_COMMON_BLOCKS = YES;
				GCC_WARN_64_TO_32_BIT_CONVERSION = YES;
				GCC_WARN_ABOUT_RETURN_TYPE = YES_ERROR;
				GCC_WARN_UNDECLARED_SELECTOR = YES;
				GCC_WARN_UNINITIALIZED_AUTOS = YES_AGGRESSIVE;
				GCC_WARN_UNUSED_FUNCTION = YES;
				GCC_WARN_UNUSED_VARIABLE = YES;
				IPHONEOS_DEPLOYMENT_TARGET = 10.0;
				MTL_ENABLE_DEBUG_INFO = NO;
				SDKROOT = iphoneos;
				SWIFT_OPTIMIZATION_LEVEL = "-Owholemodule";
				TARGETED_DEVICE_FAMILY = "1,2";
				VALIDATE_PRODUCT = YES;
			};
			name = Release;
		};
		D72B14731DC28D8F005429F1 /* Debug */ = {
			isa = XCBuildConfiguration;
			baseConfigurationReference = E751B7996D3461F3222C2C2E /* Pods-Flashcards.debug.xcconfig */;
			buildSettings = {
				ALWAYS_EMBED_SWIFT_STANDARD_LIBRARIES = YES;
				ASSETCATALOG_COMPILER_APPICON_NAME = AppIcon;
				INFOPLIST_FILE = Flashcards/Info.plist;
				LD_RUNPATH_SEARCH_PATHS = "$(inherited) @executable_path/Frameworks";
				PRODUCT_BUNDLE_IDENTIFIER = dgraf.Flashcards;
				PRODUCT_NAME = "$(TARGET_NAME)";
				SWIFT_VERSION = 3.0;
			};
			name = Debug;
		};
		D72B14741DC28D8F005429F1 /* Release */ = {
			isa = XCBuildConfiguration;
			baseConfigurationReference = 56FCF88F2AD4A8C8D0F772F3 /* Pods-Flashcards.release.xcconfig */;
			buildSettings = {
				ALWAYS_EMBED_SWIFT_STANDARD_LIBRARIES = YES;
				ASSETCATALOG_COMPILER_APPICON_NAME = AppIcon;
				INFOPLIST_FILE = Flashcards/Info.plist;
				LD_RUNPATH_SEARCH_PATHS = "$(inherited) @executable_path/Frameworks";
				PRODUCT_BUNDLE_IDENTIFIER = dgraf.Flashcards;
				PRODUCT_NAME = "$(TARGET_NAME)";
				SWIFT_VERSION = 3.0;
			};
			name = Release;
		};
		D72B14761DC28D8F005429F1 /* Debug */ = {
			isa = XCBuildConfiguration;
			baseConfigurationReference = 0C10F76D02099CB7AC4479FD /* Pods-FlashcardsTests.debug.xcconfig */;
			buildSettings = {
				ALWAYS_EMBED_SWIFT_STANDARD_LIBRARIES = YES;
				BUNDLE_LOADER = "$(TEST_HOST)";
				INFOPLIST_FILE = FlashcardsTests/Info.plist;
				LD_RUNPATH_SEARCH_PATHS = "$(inherited) @executable_path/Frameworks @loader_path/Frameworks";
				PRODUCT_BUNDLE_IDENTIFIER = dgraf.FlashcardsTests;
				PRODUCT_NAME = "$(TARGET_NAME)";
				SWIFT_VERSION = 3.0;
				TEST_HOST = "$(BUILT_PRODUCTS_DIR)/Flashcards.app/Flashcards";
			};
			name = Debug;
		};
		D72B14771DC28D8F005429F1 /* Release */ = {
			isa = XCBuildConfiguration;
			baseConfigurationReference = 45B868340765152A07FEBFD5 /* Pods-FlashcardsTests.release.xcconfig */;
			buildSettings = {
				ALWAYS_EMBED_SWIFT_STANDARD_LIBRARIES = YES;
				BUNDLE_LOADER = "$(TEST_HOST)";
				INFOPLIST_FILE = FlashcardsTests/Info.plist;
				LD_RUNPATH_SEARCH_PATHS = "$(inherited) @executable_path/Frameworks @loader_path/Frameworks";
				PRODUCT_BUNDLE_IDENTIFIER = dgraf.FlashcardsTests;
				PRODUCT_NAME = "$(TARGET_NAME)";
				SWIFT_VERSION = 3.0;
				TEST_HOST = "$(BUILT_PRODUCTS_DIR)/Flashcards.app/Flashcards";
			};
			name = Release;
		};
		D72B14791DC28D8F005429F1 /* Debug */ = {
			isa = XCBuildConfiguration;
			baseConfigurationReference = 3670AB898523A889786DA0B8 /* Pods-FlashcardsUITests.debug.xcconfig */;
			buildSettings = {
				ALWAYS_EMBED_SWIFT_STANDARD_LIBRARIES = YES;
				INFOPLIST_FILE = FlashcardsUITests/Info.plist;
				LD_RUNPATH_SEARCH_PATHS = "$(inherited) @executable_path/Frameworks @loader_path/Frameworks";
				PRODUCT_BUNDLE_IDENTIFIER = dgraf.FlashcardsUITests;
				PRODUCT_NAME = "$(TARGET_NAME)";
				SWIFT_VERSION = 3.0;
				TEST_TARGET_NAME = Flashcards;
			};
			name = Debug;
		};
		D72B147A1DC28D8F005429F1 /* Release */ = {
			isa = XCBuildConfiguration;
			baseConfigurationReference = 4F62F939D9DF82B822356059 /* Pods-FlashcardsUITests.release.xcconfig */;
			buildSettings = {
				ALWAYS_EMBED_SWIFT_STANDARD_LIBRARIES = YES;
				INFOPLIST_FILE = FlashcardsUITests/Info.plist;
				LD_RUNPATH_SEARCH_PATHS = "$(inherited) @executable_path/Frameworks @loader_path/Frameworks";
				PRODUCT_BUNDLE_IDENTIFIER = dgraf.FlashcardsUITests;
				PRODUCT_NAME = "$(TARGET_NAME)";
				SWIFT_VERSION = 3.0;
				TEST_TARGET_NAME = Flashcards;
			};
			name = Release;
		};
/* End XCBuildConfiguration section */

/* Begin XCConfigurationList section */
		D72B14451DC28D8F005429F1 /* Build configuration list for PBXProject "Flashcards" */ = {
			isa = XCConfigurationList;
			buildConfigurations = (
				D72B14701DC28D8F005429F1 /* Debug */,
				D72B14711DC28D8F005429F1 /* Release */,
			);
			defaultConfigurationIsVisible = 0;
			defaultConfigurationName = Release;
		};
		D72B14721DC28D8F005429F1 /* Build configuration list for PBXNativeTarget "Flashcards" */ = {
			isa = XCConfigurationList;
			buildConfigurations = (
				D72B14731DC28D8F005429F1 /* Debug */,
				D72B14741DC28D8F005429F1 /* Release */,
			);
			defaultConfigurationIsVisible = 0;
			defaultConfigurationName = Release;
		};
		D72B14751DC28D8F005429F1 /* Build configuration list for PBXNativeTarget "FlashcardsTests" */ = {
			isa = XCConfigurationList;
			buildConfigurations = (
				D72B14761DC28D8F005429F1 /* Debug */,
				D72B14771DC28D8F005429F1 /* Release */,
			);
			defaultConfigurationIsVisible = 0;
			defaultConfigurationName = Release;
		};
		D72B14781DC28D8F005429F1 /* Build configuration list for PBXNativeTarget "FlashcardsUITests" */ = {
			isa = XCConfigurationList;
			buildConfigurations = (
				D72B14791DC28D8F005429F1 /* Debug */,
				D72B147A1DC28D8F005429F1 /* Release */,
			);
			defaultConfigurationIsVisible = 0;
			defaultConfigurationName = Release;
		};
/* End XCConfigurationList section */
	};
	rootObject = D72B14421DC28D8F005429F1 /* Project object */;
}
